// !$*UTF8*$!
{
	archiveVersion = 1;
	classes = {
	};
	objectVersion = 46;
	objects = {

/* Begin PBXBuildFile section */
		07C75F041E9CE22C008661BF /* main.m in Sources */ = {isa = PBXBuildFile; fileRef = 07C75F031E9CE22C008661BF /* main.m */; };
		07C75F071E9CE22C008661BF /* AppDelegate.m in Sources */ = {isa = PBXBuildFile; fileRef = 07C75F061E9CE22C008661BF /* AppDelegate.m */; };
		07C75F0A1E9CE22C008661BF /* ViewController.m in Sources */ = {isa = PBXBuildFile; fileRef = 07C75F091E9CE22C008661BF /* ViewController.m */; };
		07C75F0D1E9CE22C008661BF /* Main.storyboard in Resources */ = {isa = PBXBuildFile; fileRef = 07C75F0B1E9CE22C008661BF /* Main.storyboard */; };
		07C75F0F1E9CE22C008661BF /* Assets.xcassets in Resources */ = {isa = PBXBuildFile; fileRef = 07C75F0E1E9CE22C008661BF /* Assets.xcassets */; };
		07C75F121E9CE22C008661BF /* LaunchScreen.storyboard in Resources */ = {isa = PBXBuildFile; fileRef = 07C75F101E9CE22C008661BF /* LaunchScreen.storyboard */; };
/* End PBXBuildFile section */

/* Begin PBXFileReference section */
		07C75EFF1E9CE22C008661BF /* sourceTreeDemo.app */ = {isa = PBXFileReference; explicitFileType = wrapper.application; includeInIndex = 0; path = sourceTreeDemo.app; sourceTree = BUILT_PRODUCTS_DIR; };
		07C75F031E9CE22C008661BF /* main.m */ = {isa = PBXFileReference; lastKnownFileType = sourcecode.c.objc; path = main.m; sourceTree = "<group>"; };
		07C75F051E9CE22C008661BF /* AppDelegate.h */ = {isa = PBXFileReference; lastKnownFileType = sourcecode.c.h; path = AppDelegate.h; sourceTree = "<group>"; };
		07C75F061E9CE22C008661BF /* AppDelegate.m */ = {isa = PBXFileReference; lastKnownFileType = sourcecode.c.objc; path = AppDelegate.m; sourceTree = "<group>"; };
		07C75F081E9CE22C008661BF /* ViewController.h */ = {isa = PBXFileReference; lastKnownFileType = sourcecode.c.h; path = ViewController.h; sourceTree = "<group>"; };
		07C75F091E9CE22C008661BF /* ViewController.m */ = {isa = PBXFileReference; lastKnownFileType = sourcecode.c.objc; path = ViewController.m; sourceTree = "<group>"; };
		07C75F0C1E9CE22C008661BF /* Base */ = {isa = PBXFileReference; lastKnownFileType = file.storyboard; name = Base; path = Base.lproj/Main.storyboard; sourceTree = "<group>"; };
		07C75F0E1E9CE22C008661BF /* Assets.xcassets */ = {isa = PBXFileReference; lastKnownFileType = folder.assetcatalog; path = Assets.xcassets; sourceTree = "<group>"; };
		07C75F111E9CE22C008661BF /* Base */ = {isa = PBXFileReference; lastKnownFileType = file.storyboard; name = Base; path = Base.lproj/LaunchScreen.storyboard; sourceTree = "<group>"; };
		07C75F131E9CE22C008661BF /* Info.plist */ = {isa = PBXFileReference; lastKnownFileType = text.plist.xml; path = Info.plist; sourceTree = "<group>"; };
/* End PBXFileReference section */

/* Begin PBXFrameworksBuildPhase section */
		07C75EFC1E9CE22C008661BF /* Frameworks */ = {
			isa = PBXFrameworksBuildPhase;
			buildActionMask = 2147483647;
			files = (
			);
			runOnlyForDeploymentPostprocessing = 0;
		};
/* End PBXFrameworksBuildPhase section */

/* Begin PBXGroup section */
		07C75EF61E9CE22C008661BF = {
			isa = PBXGroup;
			children = (
				07C75F011E9CE22C008661BF /* sourceTreeDemo */,
				07C75F001E9CE22C008661BF /* Products */,
			);
			sourceTree = "<group>";
		};
		07C75F001E9CE22C008661BF /* Products */ = {
			isa = PBXGroup;
			children = (
				07C75EFF1E9CE22C008661BF /* sourceTreeDemo.app */,
			);
			name = Products;
			sourceTree = "<group>";
		};
		07C75F011E9CE22C008661BF /* sourceTreeDemo */ = {
			isa = PBXGroup;
			children = (
				07C75F051E9CE22C008661BF /* AppDelegate.h */,
				07C75F061E9CE22C008661BF /* AppDelegate.m */,
				07C75F081E9CE22C008661BF /* ViewController.h */,
				07C75F091E9CE22C008661BF /* ViewController.m */,
				07C75F0B1E9CE22C008661BF /* Main.storyboard */,
				07C75F0E1E9CE22C008661BF /* Assets.xcassets */,
				07C75F101E9CE22C008661BF /* LaunchScreen.storyboard */,
				07C75F131E9CE22C008661BF /* Info.plist */,
				07C75F021E9CE22C008661BF /* Supporting Files */,
			);
			path = sourceTreeDemo;
			sourceTree = "<group>";
		};
		07C75F021E9CE22C008661BF /* Supporting Files */ = {
			isa = PBXGroup;
			children = (
				07C75F031E9CE22C008661BF /* main.m */,
			);
			name = "Supporting Files";
			sourceTree = "<group>";
		};
/* End PBXGroup section */

/* Begin PBXNativeTarget section */
		07C75EFE1E9CE22C008661BF /* sourceTreeDemo */ = {
			isa = PBXNativeTarget;
			buildConfigurationList = 07C75F161E9CE22C008661BF /* Build configuration list for PBXNativeTarget "sourceTreeDemo" */;
			buildPhases = (
				07C75EFB1E9CE22C008661BF /* Sources */,
				07C75EFC1E9CE22C008661BF /* Frameworks */,
				07C75EFD1E9CE22C008661BF /* Resources */,
			);
			buildRules = (
			);
			dependencies = (
			);
			name = sourceTreeDemo;
			productName = sourceTreeDemo;
			productReference = 07C75EFF1E9CE22C008661BF /* sourceTreeDemo.app */;
			productType = "com.apple.product-type.application";
		};
/* End PBXNativeTarget section */

/* Begin PBXProject section */
		07C75EF71E9CE22C008661BF /* Project object */ = {
			isa = PBXProject;
			attributes = {
				LastUpgradeCheck = 0830;
				ORGANIZATIONNAME = "必要";
				TargetAttributes = {
					07C75EFE1E9CE22C008661BF = {
						CreatedOnToolsVersion = 8.3.1;
						ProvisioningStyle = Automatic;
					};
				};
			};
			buildConfigurationList = 07C75EFA1E9CE22C008661BF /* Build configuration list for PBXProject "sourceTreeDemo" */;
			compatibilityVersion = "Xcode 3.2";
			developmentRegion = English;
			hasScannedForEncodings = 0;
			knownRegions = (
				en,
				Base,
			);
			mainGroup = 07C75EF61E9CE22C008661BF;
			productRefGroup = 07C75F001E9CE22C008661BF /* Products */;
			projectDirPath = "";
			projectRoot = "";
			targets = (
				07C75EFE1E9CE22C008661BF /* sourceTreeDemo */,
			);
		};
/* End PBXProject section */

/* Begin PBXResourcesBuildPhase section */
		07C75EFD1E9CE22C008661BF /* Resources */ = {
			isa = PBXResourcesBuildPhase;
			buildActionMask = 2147483647;
			files = (
				07C75F121E9CE22C008661BF /* LaunchScreen.storyboard in Resources */,
				07C75F0F1E9CE22C008661BF /* Assets.xcassets in Resources */,
				07C75F0D1E9CE22C008661BF /* Main.storyboard in Resources */,
			);
			runOnlyForDeploymentPostprocessing = 0;
		};
/* End PBXResourcesBuildPhase section */

/* Begin PBXSourcesBuildPhase section */
		07C75EFB1E9CE22C008661BF /* Sources */ = {
			isa = PBXSourcesBuildPhase;
			buildActionMask = 2147483647;
			files = (
				07C75F0A1E9CE22C008661BF /* ViewController.m in Sources */,
				07C75F071E9CE22C008661BF /* AppDelegate.m in Sources */,
				07C75F041E9CE22C008661BF /* main.m in Sources */,
			);
			runOnlyForDeploymentPostprocessing = 0;
		};
/* End PBXSourcesBuildPhase section */

/* Begin PBXVariantGroup section */
		07C75F0B1E9CE22C008661BF /* Main.storyboard */ = {
			isa = PBXVariantGroup;
			children = (
				07C75F0C1E9CE22C008661BF /* Base */,
			);
			name = Main.storyboard;
			sourceTree = "<group>";
		};
		07C75F101E9CE22C008661BF /* LaunchScreen.storyboard */ = {
			isa = PBXVariantGroup;
			children = (
				07C75F111E9CE22C008661BF /* Base */,
			);
			name = LaunchScreen.storyboard;
			sourceTree = "<group>";
		};
/* End PBXVariantGroup section */

/* Begin XCBuildConfiguration section */
		07C75F141E9CE22C008661BF /* Debug */ = {
			isa = XCBuildConfiguration;
			buildSettings = {
				ALWAYS_SEARCH_USER_PATHS = NO;
				CLANG_ANALYZER_NONNULL = YES;
				CLANG_ANALYZER_NUMBER_OBJECT_CONVERSION = YES_AGGRESSIVE;
				CLANG_CXX_LANGUAGE_STANDARD = "gnu++0x";
				CLANG_CXX_LIBRARY = "libc++";
				CLANG_ENABLE_MODULES = YES;
				CLANG_ENABLE_OBJC_ARC = YES;
				CLANG_WARN_BOOL_CONVERSION = YES;
				CLANG_WARN_CONSTANT_CONVERSION = YES;
				CLANG_WARN_DIRECT_OBJC_ISA_USAGE = YES_ERROR;
				CLANG_WARN_DOCUMENTATION_COMMENTS = YES;
				CLANG_WARN_EMPTY_BODY = YES;
				CLANG_WARN_ENUM_CONVERSION = YES;
				CLANG_WARN_INFINITE_RECURSION = YES;
				CLANG_WARN_INT_CONVERSION = YES;
				CLANG_WARN_OBJC_ROOT_CLASS = YES_ERROR;
				CLANG_WARN_SUSPICIOUS_MOVE = YES;
				CLANG_WARN_UNREACHABLE_CODE = YES;
				CLANG_WARN__DUPLICATE_METHOD_MATCH = YES;
				"CODE_SIGN_IDENTITY[sdk=iphoneos*]" = "iPhone Developer";
				COPY_PHASE_STRIP = NO;
				DEBUG_INFORMATION_FORMAT = dwarf;
				ENABLE_STRICT_OBJC_MSGSEND = YES;
				ENABLE_TESTABILITY = YES;
				GCC_C_LANGUAGE_STANDARD = gnu99;
				GCC_DYNAMIC_NO_PIC = NO;
				GCC_NO_COMMON_BLOCKS = YES;
				GCC_OPTIMIZATION_LEVEL = 0;
				GCC_PREPROCESSOR_DEFINITIONS = (
					"DEBUG=1",
					"$(inherited)",
				);
				GCC_WARN_64_TO_32_BIT_CONVERSION = YES;
				GCC_WARN_ABOUT_RETURN_TYPE = YES_ERROR;
				GCC_WARN_UNDECLARED_SELECTOR = YES;
				GCC_WARN_UNINITIALIZED_AUTOS = YES_AGGRESSIVE;
				GCC_WARN_UNUSED_FUNCTION = YES;
				GCC_WARN_UNUSED_VARIABLE = YES;
				IPHONEOS_DEPLOYMENT_TARGET = 10.3;
				MTL_ENABLE_DEBUG_INFO = YES;
				ONLY_ACTIVE_ARCH = YES;
				SDKROOT = iphoneos;
				TARGETED_DEVICE_FAMILY = "1,2";
			};
			name = Debug;
		};
		07C75F151E9CE22C008661BF /* Release */ = {
			isa = XCBuildConfiguration;
			buildSettings = {
				ALWAYS_SEARCH_USER_PATHS = NO;
				CLANG_ANALYZER_NONNULL = YES;
				CLANG_ANALYZER_NUMBER_OBJECT_CONVERSION = YES_AGGRESSIVE;
				CLANG_CXX_LANGUAGE_STANDARD = "gnu++0x";
				CLANG_CXX_LIBRARY = "libc++";
				CLANG_ENABLE_MODULES = YES;
				CLANG_ENABLE_OBJC_ARC = YES;
				CLANG_WARN_BOOL_CONVERSION = YES;
				CLANG_WARN_CONSTANT_CONVERSION = YES;
				CLANG_WARN_DIRECT_OBJC_ISA_USAGE = YES_ERROR;
				CLANG_WARN_DOCUMENTATION_COMMENTS = YES;
				CLANG_WARN_EMPTY_BODY = YES;
				CLANG_WARN_ENUM_CONVERSION = YES;
				CLANG_WARN_INFINITE_RECURSION = YES;
				CLANG_WARN_INT_CONVERSION = YES;
				CLANG_WARN_OBJC_ROOT_CLASS = YES_ERROR;
				CLANG_WARN_SUSPICIOUS_MOVE = YES;
				CLANG_WARN_UNREACHABLE_CODE = YES;
				CLANG_WARN__DUPLICATE_METHOD_MATCH = YES;
				"CODE_SIGN_IDENTITY[sdk=iphoneos*]" = "iPhone Developer";
				COPY_PHASE_STRIP = NO;
				DEBUG_INFORMATION_FORMAT = "dwarf-with-dsym";
				ENABLE_NS_ASSERTIONS = NO;
				ENABLE_STRICT_OBJC_MSGSEND = YES;
				GCC_C_LANGUAGE_STANDARD = gnu99;
				GCC_NO_COMMON_BLOCKS = YES;
				GCC_WARN_64_TO_32_BIT_CONVERSION = YES;
				GCC_WARN_ABOUT_RETURN_TYPE = YES_ERROR;
				GCC_WARN_UNDECLARED_SELECTOR = YES;
				GCC_WARN_UNINITIALIZED_AUTOS = YES_AGGRESSIVE;
				GCC_WARN_UNUSED_FUNCTION = YES;
				GCC_WARN_UNUSED_VARIABLE = YES;
				IPHONEOS_DEPLOYMENT_TARGET = 10.3;
				MTL_ENABLE_DEBUG_INFO = NO;
				SDKROOT = iphoneos;
				TARGETED_DEVICE_FAMILY = "1,2";
				VALIDATE_PRODUCT = YES;
			};
			name = Release;
		};
		07C75F171E9CE22C008661BF /* Debug */ = {
			isa = XCBuildConfiguration;
			buildSettings = {
				ASSETCATALOG_COMPILER_APPICON_NAME = AppIcon;
				INFOPLIST_FILE = sourceTreeDemo/Info.plist;
				LD_RUNPATH_SEARCH_PATHS = "$(inherited) @executable_path/Frameworks";
				PRODUCT_BUNDLE_IDENTIFIER = biyao.sourceTreeDemo;
				PRODUCT_NAME = "$(TARGET_NAME)";
			};
			name = Debug;
		};
		07C75F181E9CE22C008661BF /* Release */ = {
			isa = XCBuildConfiguration;
			buildSettings = {
				ASSETCATALOG_COMPILER_APPICON_NAME = AppIcon;
				INFOPLIST_FILE = sourceTreeDemo/Info.plist;
				LD_RUNPATH_SEARCH_PATHS = "$(inherited) @executable_path/Frameworks";
				PRODUCT_BUNDLE_IDENTIFIER = biyao.sourceTreeDemo;
				PRODUCT_NAME = "$(TARGET_NAME)";
			};
			name = Release;
		};
/* End XCBuildConfiguration section */

/* Begin XCConfigurationList section */
		07C75EFA1E9CE22C008661BF /* Build configuration list for PBXProject "sourceTreeDemo" */ = {
			isa = XCConfigurationList;
			buildConfigurations = (
				07C75F141E9CE22C008661BF /* Debug */,
				07C75F151E9CE22C008661BF /* Release */,
			);
			defaultConfigurationIsVisible = 0;
			defaultConfigurationName = Release;
		};
		07C75F161E9CE22C008661BF /* Build configuration list for PBXNativeTarget "sourceTreeDemo" */ = {
			isa = XCConfigurationList;
			buildConfigurations = (
				07C75F171E9CE22C008661BF /* Debug */,
				07C75F181E9CE22C008661BF /* Release */,
			);
			defaultConfigurationIsVisible = 0;
		};
/* End XCConfigurationList section */
	};
	rootObject = 07C75EF71E9CE22C008661BF /* Project object */;
}
